
Microsoft Visual Studio Solution File, Format Version 12.00
# Visual Studio Version 16
VisualStudioVersion = 16.0.29728.190
MinimumVisualStudioVersion = 10.0.40219.1
Project("{FAE04EC0-301F-11D3-BF4B-00C04F79EFBC}") = "Database", "Database\Database.csproj", "{00BA1B8F-54D6-4CBE-A9C8-B0A81A5B0301}"
EndProject
Global
	GlobalSection(SolutionConfigurationPlatforms) = preSolution
		Debug|Any CPU = Debug|Any CPU
		Release|Any CPU = Release|Any CPU
	EndGlobalSection
	GlobalSection(ProjectConfigurationPlatforms) = postSolution
		{00BA1B8F-54D6-4CBE-A9C8-B0A81A5B0301}.Debug|Any CPU.ActiveCfg = Debug|Any CPU
		{00BA1B8F-54D6-4CBE-A9C8-B0A81A5B0301}.Debug|Any CPU.Build.0 = Debug|Any CPU
		{00BA1B8F-54D6-4CBE-A9C8-B0A81A5B0301}.Release|Any CPU.ActiveCfg = Release|Any CPU
		{00BA1B8F-54D6-4CBE-A9C8-B0A81A5B0301}.Release|Any CPU.Build.0 = Release|Any CPU
	EndGlobalSection
	GlobalSection(SolutionProperties) = preSolution
		HideSolutionNode = FALSE
	EndGlobalSection
	GlobalSection(ExtensibilityGlobals) = postSolution
		SolutionGuid = {CB4EA501-38C5-41D1-A813-C81D698BD5ED}
	EndGlobalSection
EndGlobal
